// !$*UTF8*$!
{
	archiveVersion = 1;
	classes = {
	};
	objectVersion = 50;
	objects = {

/* Begin PBXBuildFile section */
		DEA205E724475C5E00653FB4 /* AppDelegate.swift in Sources */ = {isa = PBXBuildFile; fileRef = DEA205E624475C5E00653FB4 /* AppDelegate.swift */; };
		DEA205E924475C5E00653FB4 /* SceneDelegate.swift in Sources */ = {isa = PBXBuildFile; fileRef = DEA205E824475C5E00653FB4 /* SceneDelegate.swift */; };
		DEA205EB24475C5E00653FB4 /* ViewController.swift in Sources */ = {isa = PBXBuildFile; fileRef = DEA205EA24475C5E00653FB4 /* ViewController.swift */; };
		DEA205EE24475C5E00653FB4 /* Main.storyboard in Resources */ = {isa = PBXBuildFile; fileRef = DEA205EC24475C5E00653FB4 /* Main.storyboard */; };
		DEA205F024475C5F00653FB4 /* Assets.xcassets in Resources */ = {isa = PBXBuildFile; fileRef = DEA205EF24475C5F00653FB4 /* Assets.xcassets */; };
		DEA205F324475C5F00653FB4 /* LaunchScreen.storyboard in Resources */ = {isa = PBXBuildFile; fileRef = DEA205F124475C5F00653FB4 /* LaunchScreen.storyboard */; };
		DEA205FE24475C6000653FB4 /* homework_7Tests.swift in Sources */ = {isa = PBXBuildFile; fileRef = DEA205FD24475C6000653FB4 /* homework_7Tests.swift */; };
		DEA2060924475C6000653FB4 /* homework_7UITests.swift in Sources */ = {isa = PBXBuildFile; fileRef = DEA2060824475C6000653FB4 /* homework_7UITests.swift */; };
		DEA20653244F622600653FB4 /* WebViewController.swift in Sources */ = {isa = PBXBuildFile; fileRef = DEA20652244F622600653FB4 /* WebViewController.swift */; };
		DEA20656244F62CB00653FB4 /* WebKit.framework in Frameworks */ = {isa = PBXBuildFile; fileRef = DEA20655244F62CB00653FB4 /* WebKit.framework */; };
/* End PBXBuildFile section */

/* Begin PBXContainerItemProxy section */
		DEA205FA24475C6000653FB4 /* PBXContainerItemProxy */ = {
			isa = PBXContainerItemProxy;
			containerPortal = DEA205DB24475C5E00653FB4 /* Project object */;
			proxyType = 1;
			remoteGlobalIDString = DEA205E224475C5E00653FB4;
			remoteInfo = "homework 7";
		};
		DEA2060524475C6000653FB4 /* PBXContainerItemProxy */ = {
			isa = PBXContainerItemProxy;
			containerPortal = DEA205DB24475C5E00653FB4 /* Project object */;
			proxyType = 1;
			remoteGlobalIDString = DEA205E224475C5E00653FB4;
			remoteInfo = "homework 7";
		};
/* End PBXContainerItemProxy section */

/* Begin PBXFileReference section */
		DEA205E324475C5E00653FB4 /* homework 7.app */ = {isa = PBXFileReference; explicitFileType = wrapper.application; includeInIndex = 0; path = "homework 7.app"; sourceTree = BUILT_PRODUCTS_DIR; };
		DEA205E624475C5E00653FB4 /* AppDelegate.swift */ = {isa = PBXFileReference; lastKnownFileType = sourcecode.swift; path = AppDelegate.swift; sourceTree = "<group>"; };
		DEA205E824475C5E00653FB4 /* SceneDelegate.swift */ = {isa = PBXFileReference; lastKnownFileType = sourcecode.swift; path = SceneDelegate.swift; sourceTree = "<group>"; };
		DEA205EA24475C5E00653FB4 /* ViewController.swift */ = {isa = PBXFileReference; lastKnownFileType = sourcecode.swift; path = ViewController.swift; sourceTree = "<group>"; };
		DEA205ED24475C5E00653FB4 /* Base */ = {isa = PBXFileReference; lastKnownFileType = file.storyboard; name = Base; path = Base.lproj/Main.storyboard; sourceTree = "<group>"; };
		DEA205EF24475C5F00653FB4 /* Assets.xcassets */ = {isa = PBXFileReference; lastKnownFileType = folder.assetcatalog; path = Assets.xcassets; sourceTree = "<group>"; };
		DEA205F224475C5F00653FB4 /* Base */ = {isa = PBXFileReference; lastKnownFileType = file.storyboard; name = Base; path = Base.lproj/LaunchScreen.storyboard; sourceTree = "<group>"; };
		DEA205F424475C5F00653FB4 /* Info.plist */ = {isa = PBXFileReference; lastKnownFileType = text.plist.xml; path = Info.plist; sourceTree = "<group>"; };
		DEA205F924475C6000653FB4 /* homework 7Tests.xctest */ = {isa = PBXFileReference; explicitFileType = wrapper.cfbundle; includeInIndex = 0; path = "homework 7Tests.xctest"; sourceTree = BUILT_PRODUCTS_DIR; };
		DEA205FD24475C6000653FB4 /* homework_7Tests.swift */ = {isa = PBXFileReference; lastKnownFileType = sourcecode.swift; path = homework_7Tests.swift; sourceTree = "<group>"; };
		DEA205FF24475C6000653FB4 /* Info.plist */ = {isa = PBXFileReference; lastKnownFileType = text.plist.xml; path = Info.plist; sourceTree = "<group>"; };
		DEA2060424475C6000653FB4 /* homework 7UITests.xctest */ = {isa = PBXFileReference; explicitFileType = wrapper.cfbundle; includeInIndex = 0; path = "homework 7UITests.xctest"; sourceTree = BUILT_PRODUCTS_DIR; };
		DEA2060824475C6000653FB4 /* homework_7UITests.swift */ = {isa = PBXFileReference; lastKnownFileType = sourcecode.swift; path = homework_7UITests.swift; sourceTree = "<group>"; };
		DEA2060A24475C6000653FB4 /* Info.plist */ = {isa = PBXFileReference; lastKnownFileType = text.plist.xml; path = Info.plist; sourceTree = "<group>"; };
		DEA20652244F622600653FB4 /* WebViewController.swift */ = {isa = PBXFileReference; lastKnownFileType = sourcecode.swift; path = WebViewController.swift; sourceTree = "<group>"; };
		DEA20655244F62CB00653FB4 /* WebKit.framework */ = {isa = PBXFileReference; lastKnownFileType = wrapper.framework; name = WebKit.framework; path = System/Library/Frameworks/WebKit.framework; sourceTree = SDKROOT; };
/* End PBXFileReference section */

/* Begin PBXFrameworksBuildPhase section */
		DEA205E024475C5E00653FB4 /* Frameworks */ = {
			isa = PBXFrameworksBuildPhase;
			buildActionMask = 2147483647;
			files = (
				DEA20656244F62CB00653FB4 /* WebKit.framework in Frameworks */,
			);
			runOnlyForDeploymentPostprocessing = 0;
		};
		DEA205F624475C6000653FB4 /* Frameworks */ = {
			isa = PBXFrameworksBuildPhase;
			buildActionMask = 2147483647;
			files = (
			);
			runOnlyForDeploymentPostprocessing = 0;
		};
		DEA2060124475C6000653FB4 /* Frameworks */ = {
			isa = PBXFrameworksBuildPhase;
			buildActionMask = 2147483647;
			files = (
			);
			runOnlyForDeploymentPostprocessing = 0;
		};
/* End PBXFrameworksBuildPhase section */

/* Begin PBXGroup section */
		DEA205DA24475C5E00653FB4 = {
			isa = PBXGroup;
			children = (
				DEA205E524475C5E00653FB4 /* homework 7 */,
				DEA205FC24475C6000653FB4 /* homework 7Tests */,
				DEA2060724475C6000653FB4 /* homework 7UITests */,
				DEA205E424475C5E00653FB4 /* Products */,
				DEA20654244F62CB00653FB4 /* Frameworks */,
			);
			sourceTree = "<group>";
		};
		DEA205E424475C5E00653FB4 /* Products */ = {
			isa = PBXGroup;
			children = (
				DEA205E324475C5E00653FB4 /* homework 7.app */,
				DEA205F924475C6000653FB4 /* homework 7Tests.xctest */,
				DEA2060424475C6000653FB4 /* homework 7UITests.xctest */,
			);
			name = Products;
			sourceTree = "<group>";
		};
		DEA205E524475C5E00653FB4 /* homework 7 */ = {
			isa = PBXGroup;
			children = (
				DEA205E624475C5E00653FB4 /* AppDelegate.swift */,
				DEA205E824475C5E00653FB4 /* SceneDelegate.swift */,
				DEA205EA24475C5E00653FB4 /* ViewController.swift */,
				DEA205EC24475C5E00653FB4 /* Main.storyboard */,
				DEA20652244F622600653FB4 /* WebViewController.swift */,
				DEA205EF24475C5F00653FB4 /* Assets.xcassets */,
				DEA205F124475C5F00653FB4 /* LaunchScreen.storyboard */,
				DEA205F424475C5F00653FB4 /* Info.plist */,
			);
			path = "homework 7";
			sourceTree = "<group>";
		};
		DEA205FC24475C6000653FB4 /* homework 7Tests */ = {
			isa = PBXGroup;
			children = (
				DEA205FD24475C6000653FB4 /* homework_7Tests.swift */,
				DEA205FF24475C6000653FB4 /* Info.plist */,
			);
			path = "homework 7Tests";
			sourceTree = "<group>";
		};
		DEA2060724475C6000653FB4 /* homework 7UITests */ = {
			isa = PBXGroup;
			children = (
				DEA2060824475C6000653FB4 /* homework_7UITests.swift */,
				DEA2060A24475C6000653FB4 /* Info.plist */,
			);
			path = "homework 7UITests";
			sourceTree = "<group>";
		};
		DEA20654244F62CB00653FB4 /* Frameworks */ = {
			isa = PBXGroup;
			children = (
				DEA20655244F62CB00653FB4 /* WebKit.framework */,
			);
			name = Frameworks;
			sourceTree = "<group>";
		};
/* End PBXGroup section */

/* Begin PBXNativeTarget section */
		DEA205E224475C5E00653FB4 /* homework 7 */ = {
			isa = PBXNativeTarget;
			buildConfigurationList = DEA2060D24475C6000653FB4 /* Build configuration list for PBXNativeTarget "homework 7" */;
			buildPhases = (
				DEA205DF24475C5E00653FB4 /* Sources */,
				DEA205E024475C5E00653FB4 /* Frameworks */,
				DEA205E124475C5E00653FB4 /* Resources */,
			);
			buildRules = (
			);
			dependencies = (
			);
			name = "homework 7";
			productName = "homework 7";
			productReference = DEA205E324475C5E00653FB4 /* homework 7.app */;
			productType = "com.apple.product-type.application";
		};
		DEA205F824475C6000653FB4 /* homework 7Tests */ = {
			isa = PBXNativeTarget;
			buildConfigurationList = DEA2061024475C6000653FB4 /* Build configuration list for PBXNativeTarget "homework 7Tests" */;
			buildPhases = (
				DEA205F524475C6000653FB4 /* Sources */,
				DEA205F624475C6000653FB4 /* Frameworks */,
				DEA205F724475C6000653FB4 /* Resources */,
			);
			buildRules = (
			);
			dependencies = (
				DEA205FB24475C6000653FB4 /* PBXTargetDependency */,
			);
			name = "homework 7Tests";
			productName = "homework 7Tests";
			productReference = DEA205F924475C6000653FB4 /* homework 7Tests.xctest */;
			productType = "com.apple.product-type.bundle.unit-test";
		};
		DEA2060324475C6000653FB4 /* homework 7UITests */ = {
			isa = PBXNativeTarget;
			buildConfigurationList = DEA2061324475C6000653FB4 /* Build configuration list for PBXNativeTarget "homework 7UITests" */;
			buildPhases = (
				DEA2060024475C6000653FB4 /* Sources */,
				DEA2060124475C6000653FB4 /* Frameworks */,
				DEA2060224475C6000653FB4 /* Resources */,
			);
			buildRules = (
			);
			dependencies = (
				DEA2060624475C6000653FB4 /* PBXTargetDependency */,
			);
			name = "homework 7UITests";
			productName = "homework 7UITests";
			productReference = DEA2060424475C6000653FB4 /* homework 7UITests.xctest */;
			productType = "com.apple.product-type.bundle.ui-testing";
		};
/* End PBXNativeTarget section */

/* Begin PBXProject section */
		DEA205DB24475C5E00653FB4 /* Project object */ = {
			isa = PBXProject;
			attributes = {
				LastSwiftUpdateCheck = 1130;
				LastUpgradeCheck = 1130;
				ORGANIZATIONNAME = "Frank Bonura";
				TargetAttributes = {
					DEA205E224475C5E00653FB4 = {
						CreatedOnToolsVersion = 11.3.1;
					};
					DEA205F824475C6000653FB4 = {
						CreatedOnToolsVersion = 11.3.1;
						TestTargetID = DEA205E224475C5E00653FB4;
					};
					DEA2060324475C6000653FB4 = {
						CreatedOnToolsVersion = 11.3.1;
						TestTargetID = DEA205E224475C5E00653FB4;
					};
				};
			};
			buildConfigurationList = DEA205DE24475C5E00653FB4 /* Build configuration list for PBXProject "homework 7" */;
			compatibilityVersion = "Xcode 9.3";
			developmentRegion = en;
			hasScannedForEncodings = 0;
			knownRegions = (
				en,
				Base,
			);
			mainGroup = DEA205DA24475C5E00653FB4;
			productRefGroup = DEA205E424475C5E00653FB4 /* Products */;
			projectDirPath = "";
			projectRoot = "";
			targets = (
				DEA205E224475C5E00653FB4 /* homework 7 */,
				DEA205F824475C6000653FB4 /* homework 7Tests */,
				DEA2060324475C6000653FB4 /* homework 7UITests */,
			);
		};
/* End PBXProject section */

/* Begin PBXResourcesBuildPhase section */
		DEA205E124475C5E00653FB4 /* Resources */ = {
			isa = PBXResourcesBuildPhase;
			buildActionMask = 2147483647;
			files = (
				DEA205F324475C5F00653FB4 /* LaunchScreen.storyboard in Resources */,
				DEA205F024475C5F00653FB4 /* Assets.xcassets in Resources */,
				DEA205EE24475C5E00653FB4 /* Main.storyboard in Resources */,
			);
			runOnlyForDeploymentPostprocessing = 0;
		};
		DEA205F724475C6000653FB4 /* Resources */ = {
			isa = PBXResourcesBuildPhase;
			buildActionMask = 2147483647;
			files = (
			);
			runOnlyForDeploymentPostprocessing = 0;
		};
		DEA2060224475C6000653FB4 /* Resources */ = {
			isa = PBXResourcesBuildPhase;
			buildActionMask = 2147483647;
			files = (
			);
			runOnlyForDeploymentPostprocessing = 0;
		};
/* End PBXResourcesBuildPhase section */

/* Begin PBXSourcesBuildPhase section */
		DEA205DF24475C5E00653FB4 /* Sources */ = {
			isa = PBXSourcesBuildPhase;
			buildActionMask = 2147483647;
			files = (
				DEA205EB24475C5E00653FB4 /* ViewController.swift in Sources */,
				DEA205E724475C5E00653FB4 /* AppDelegate.swift in Sources */,
				DEA205E924475C5E00653FB4 /* SceneDelegate.swift in Sources */,
				DEA20653244F622600653FB4 /* WebViewController.swift in Sources */,
			);
			runOnlyForDeploymentPostprocessing = 0;
		};
		DEA205F524475C6000653FB4 /* Sources */ = {
			isa = PBXSourcesBuildPhase;
			buildActionMask = 2147483647;
			files = (
				DEA205FE24475C6000653FB4 /* homework_7Tests.swift in Sources */,
			);
			runOnlyForDeploymentPostprocessing = 0;
		};
		DEA2060024475C6000653FB4 /* Sources */ = {
			isa = PBXSourcesBuildPhase;
			buildActionMask = 2147483647;
			files = (
				DEA2060924475C6000653FB4 /* homework_7UITests.swift in Sources */,
			);
			runOnlyForDeploymentPostprocessing = 0;
		};
/* End PBXSourcesBuildPhase section */

/* Begin PBXTargetDependency section */
		DEA205FB24475C6000653FB4 /* PBXTargetDependency */ = {
			isa = PBXTargetDependency;
			target = DEA205E224475C5E00653FB4 /* homework 7 */;
			targetProxy = DEA205FA24475C6000653FB4 /* PBXContainerItemProxy */;
		};
		DEA2060624475C6000653FB4 /* PBXTargetDependency */ = {
			isa = PBXTargetDependency;
			target = DEA205E224475C5E00653FB4 /* homework 7 */;
			targetProxy = DEA2060524475C6000653FB4 /* PBXContainerItemProxy */;
		};
/* End PBXTargetDependency section */

/* Begin PBXVariantGroup section */
		DEA205EC24475C5E00653FB4 /* Main.storyboard */ = {
			isa = PBXVariantGroup;
			children = (
				DEA205ED24475C5E00653FB4 /* Base */,
			);
			name = Main.storyboard;
			sourceTree = "<group>";
		};
		DEA205F124475C5F00653FB4 /* LaunchScreen.storyboard */ = {
			isa = PBXVariantGroup;
			children = (
				DEA205F224475C5F00653FB4 /* Base */,
			);
			name = LaunchScreen.storyboard;
			sourceTree = "<group>";
		};
/* End PBXVariantGroup section */

/* Begin XCBuildConfiguration section */
		DEA2060B24475C6000653FB4 /* Debug */ = {
			isa = XCBuildConfiguration;
			buildSettings = {
				ALWAYS_SEARCH_USER_PATHS = NO;
				CLANG_ANALYZER_NONNULL = YES;
				CLANG_ANALYZER_NUMBER_OBJECT_CONVERSION = YES_AGGRESSIVE;
				CLANG_CXX_LANGUAGE_STANDARD = "gnu++14";
				CLANG_CXX_LIBRARY = "libc++";
				CLANG_ENABLE_MODULES = YES;
				CLANG_ENABLE_OBJC_ARC = YES;
				CLANG_ENABLE_OBJC_WEAK = YES;
				CLANG_WARN_BLOCK_CAPTURE_AUTORELEASING = YES;
				CLANG_WARN_BOOL_CONVERSION = YES;
				CLANG_WARN_COMMA = YES;
				CLANG_WARN_CONSTANT_CONVERSION = YES;
				CLANG_WARN_DEPRECATED_OBJC_IMPLEMENTATIONS = YES;
				CLANG_WARN_DIRECT_OBJC_ISA_USAGE = YES_ERROR;
				CLANG_WARN_DOCUMENTATION_COMMENTS = YES;
				CLANG_WARN_EMPTY_BODY = YES;
				CLANG_WARN_ENUM_CONVERSION = YES;
				CLANG_WARN_INFINITE_RECURSION = YES;
				CLANG_WARN_INT_CONVERSION = YES;
				CLANG_WARN_NON_LITERAL_NULL_CONVERSION = YES;
				CLANG_WARN_OBJC_IMPLICIT_RETAIN_SELF = YES;
				CLANG_WARN_OBJC_LITERAL_CONVERSION = YES;
				CLANG_WARN_OBJC_ROOT_CLASS = YES_ERROR;
				CLANG_WARN_RANGE_LOOP_ANALYSIS = YES;
				CLANG_WARN_STRICT_PROTOTYPES = YES;
				CLANG_WARN_SUSPICIOUS_MOVE = YES;
				CLANG_WARN_UNGUARDED_AVAILABILITY = YES_AGGRESSIVE;
				CLANG_WARN_UNREACHABLE_CODE = YES;
				CLANG_WARN__DUPLICATE_METHOD_MATCH = YES;
				COPY_PHASE_STRIP = NO;
				DEBUG_INFORMATION_FORMAT = dwarf;
				ENABLE_STRICT_OBJC_MSGSEND = YES;
				ENABLE_TESTABILITY = YES;
				GCC_C_LANGUAGE_STANDARD = gnu11;
				GCC_DYNAMIC_NO_PIC = NO;
				GCC_NO_COMMON_BLOCKS = YES;
				GCC_OPTIMIZATION_LEVEL = 0;
				GCC_PREPROCESSOR_DEFINITIONS = (
					"DEBUG=1",
					"$(inherited)",
				);
				GCC_WARN_64_TO_32_BIT_CONVERSION = YES;
				GCC_WARN_ABOUT_RETURN_TYPE = YES_ERROR;
				GCC_WARN_UNDECLARED_SELECTOR = YES;
				GCC_WARN_UNINITIALIZED_AUTOS = YES_AGGRESSIVE;
				GCC_WARN_UNUSED_FUNCTION = YES;
				GCC_WARN_UNUSED_VARIABLE = YES;
				IPHONEOS_DEPLOYMENT_TARGET = 13.2;
				MTL_ENABLE_DEBUG_INFO = INCLUDE_SOURCE;
				MTL_FAST_MATH = YES;
				ONLY_ACTIVE_ARCH = YES;
				SDKROOT = iphoneos;
				SWIFT_ACTIVE_COMPILATION_CONDITIONS = DEBUG;
				SWIFT_OPTIMIZATION_LEVEL = "-Onone";
			};
			name = Debug;
		};
		DEA2060C24475C6000653FB4 /* Release */ = {
			isa = XCBuildConfiguration;
			buildSettings = {
				ALWAYS_SEARCH_USER_PATHS = NO;
				CLANG_ANALYZER_NONNULL = YES;
				CLANG_ANALYZER_NUMBER_OBJECT_CONVERSION = YES_AGGRESSIVE;
				CLANG_CXX_LANGUAGE_STANDARD = "gnu++14";
				CLANG_CXX_LIBRARY = "libc++";
				CLANG_ENABLE_MODULES = YES;
				CLANG_ENABLE_OBJC_ARC = YES;
				CLANG_ENABLE_OBJC_WEAK = YES;
				CLANG_WARN_BLOCK_CAPTURE_AUTORELEASING = YES;
				CLANG_WARN_BOOL_CONVERSION = YES;
				CLANG_WARN_COMMA = YES;
				CLANG_WARN_CONSTANT_CONVERSION = YES;
				CLANG_WARN_DEPRECATED_OBJC_IMPLEMENTATIONS = YES;
				CLANG_WARN_DIRECT_OBJC_ISA_USAGE = YES_ERROR;
				CLANG_WARN_DOCUMENTATION_COMMENTS = YES;
				CLANG_WARN_EMPTY_BODY = YES;
				CLANG_WARN_ENUM_CONVERSION = YES;
				CLANG_WARN_INFINITE_RECURSION = YES;
				CLANG_WARN_INT_CONVERSION = YES;
				CLANG_WARN_NON_LITERAL_NULL_CONVERSION = YES;
				CLANG_WARN_OBJC_IMPLICIT_RETAIN_SELF = YES;
				CLANG_WARN_OBJC_LITERAL_CONVERSION = YES;
				CLANG_WARN_OBJC_ROOT_CLASS = YES_ERROR;
				CLANG_WARN_RANGE_LOOP_ANALYSIS = YES;
				CLANG_WARN_STRICT_PROTOTYPES = YES;
				CLANG_WARN_SUSPICIOUS_MOVE = YES;
				CLANG_WARN_UNGUARDED_AVAILABILITY = YES_AGGRESSIVE;
				CLANG_WARN_UNREACHABLE_CODE = YES;
				CLANG_WARN__DUPLICATE_METHOD_MATCH = YES;
				COPY_PHASE_STRIP = NO;
				DEBUG_INFORMATION_FORMAT = "dwarf-with-dsym";
				ENABLE_NS_ASSERTIONS = NO;
				ENABLE_STRICT_OBJC_MSGSEND = YES;
				GCC_C_LANGUAGE_STANDARD = gnu11;
				GCC_NO_COMMON_BLOCKS = YES;
				GCC_WARN_64_TO_32_BIT_CONVERSION = YES;
				GCC_WARN_ABOUT_RETURN_TYPE = YES_ERROR;
				GCC_WARN_UNDECLARED_SELECTOR = YES;
				GCC_WARN_UNINITIALIZED_AUTOS = YES_AGGRESSIVE;
				GCC_WARN_UNUSED_FUNCTION = YES;
				GCC_WARN_UNUSED_VARIABLE = YES;
				IPHONEOS_DEPLOYMENT_TARGET = 13.2;
				MTL_ENABLE_DEBUG_INFO = NO;
				MTL_FAST_MATH = YES;
				SDKROOT = iphoneos;
				SWIFT_COMPILATION_MODE = wholemodule;
				SWIFT_OPTIMIZATION_LEVEL = "-O";
				VALIDATE_PRODUCT = YES;
			};
			name = Release;
		};
		DEA2060E24475C6000653FB4 /* Debug */ = {
			isa = XCBuildConfiguration;
			buildSettings = {
				ASSETCATALOG_COMPILER_APPICON_NAME = AppIcon;
				CODE_SIGN_STYLE = Automatic;
				INFOPLIST_FILE = "homework 7/Info.plist";
				LD_RUNPATH_SEARCH_PATHS = (
					"$(inherited)",
					"@executable_path/Frameworks",
				);
				PRODUCT_BUNDLE_IDENTIFIER = "Frank.homework-7";
				PRODUCT_NAME = "$(TARGET_NAME)";
				SWIFT_VERSION = 5.0;
				TARGETED_DEVICE_FAMILY = "1,2";
			};
			name = Debug;
		};
		DEA2060F24475C6000653FB4 /* Release */ = {
			isa = XCBuildConfiguration;
			buildSettings = {
				ASSETCATALOG_COMPILER_APPICON_NAME = AppIcon;
				CODE_SIGN_STYLE = Automatic;
				INFOPLIST_FILE = "homework 7/Info.plist";
				LD_RUNPATH_SEARCH_PATHS = (
					"$(inherited)",
					"@executable_path/Frameworks",
				);
				PRODUCT_BUNDLE_IDENTIFIER = "Frank.homework-7";
				PRODUCT_NAME = "$(TARGET_NAME)";
				SWIFT_VERSION = 5.0;
				TARGETED_DEVICE_FAMILY = "1,2";
			};
			name = Release;
		};
		DEA2061124475C6000653FB4 /* Debug */ = {
			isa = XCBuildConfiguration;
			buildSettings = {
				ALWAYS_EMBED_SWIFT_STANDARD_LIBRARIES = YES;
				BUNDLE_LOADER = "$(TEST_HOST)";
				CODE_SIGN_STYLE = Automatic;
				INFOPLIST_FILE = "homework 7Tests/Info.plist";
				IPHONEOS_DEPLOYMENT_TARGET = 13.2;
				LD_RUNPATH_SEARCH_PATHS = (
					"$(inherited)",
					"@executable_path/Frameworks",
					"@loader_path/Frameworks",
				);
				PRODUCT_BUNDLE_IDENTIFIER = "Frank.homework-7Tests";
				PRODUCT_NAME = "$(TARGET_NAME)";
				SWIFT_VERSION = 5.0;
				TARGETED_DEVICE_FAMILY = "1,2";
				TEST_HOST = "$(BUILT_PRODUCTS_DIR)/homework 7.app/homework 7";
			};
			name = Debug;
		};
		DEA2061224475C6000653FB4 /* Release */ = {
			isa = XCBuildConfiguration;
			buildSettings = {
				ALWAYS_EMBED_SWIFT_STANDARD_LIBRARIES = YES;
				BUNDLE_LOADER = "$(TEST_HOST)";
				CODE_SIGN_STYLE = Automatic;
				INFOPLIST_FILE = "homework 7Tests/Info.plist";
				IPHONEOS_DEPLOYMENT_TARGET = 13.2;
				LD_RUNPATH_SEARCH_PATHS = (
					"$(inherited)",
					"@executable_path/Frameworks",
					"@loader_path/Frameworks",
				);
				PRODUCT_BUNDLE_IDENTIFIER = "Frank.homework-7Tests";
				PRODUCT_NAME = "$(TARGET_NAME)";
				SWIFT_VERSION = 5.0;
				TARGETED_DEVICE_FAMILY = "1,2";
				TEST_HOST = "$(BUILT_PRODUCTS_DIR)/homework 7.app/homework 7";
			};
			name = Release;
		};
		DEA2061424475C6000653FB4 /* Debug */ = {
			isa = XCBuildConfiguration;
			buildSettings = {
				ALWAYS_EMBED_SWIFT_STANDARD_LIBRARIES = YES;
				CODE_SIGN_STYLE = Automatic;
				INFOPLIST_FILE = "homework 7UITests/Info.plist";
				LD_RUNPATH_SEARCH_PATHS = (
					"$(inherited)",
					"@executable_path/Frameworks",
					"@loader_path/Frameworks",
				);
				PRODUCT_BUNDLE_IDENTIFIER = "Frank.homework-7UITests";
				PRODUCT_NAME = "$(TARGET_NAME)";
				SWIFT_VERSION = 5.0;
				TARGETED_DEVICE_FAMILY = "1,2";
				TEST_TARGET_NAME = "homework 7";
			};
			name = Debug;
		};
		DEA2061524475C6000653FB4 /* Release */ = {
			isa = XCBuildConfiguration;
			buildSettings = {
				ALWAYS_EMBED_SWIFT_STANDARD_LIBRARIES = YES;
				CODE_SIGN_STYLE = Automatic;
				INFOPLIST_FILE = "homework 7UITests/Info.plist";
				LD_RUNPATH_SEARCH_PATHS = (
					"$(inherited)",
					"@executable_path/Frameworks",
					"@loader_path/Frameworks",
				);
				PRODUCT_BUNDLE_IDENTIFIER = "Frank.homework-7UITests";
				PRODUCT_NAME = "$(TARGET_NAME)";
				SWIFT_VERSION = 5.0;
				TARGETED_DEVICE_FAMILY = "1,2";
				TEST_TARGET_NAME = "homework 7";
			};
			name = Release;
		};
/* End XCBuildConfiguration section */

/* Begin XCConfigurationList section */
		DEA205DE24475C5E00653FB4 /* Build configuration list for PBXProject "homework 7" */ = {
			isa = XCConfigurationList;
			buildConfigurations = (
				DEA2060B24475C6000653FB4 /* Debug */,
				DEA2060C24475C6000653FB4 /* Release */,
			);
			defaultConfigurationIsVisible = 0;
			defaultConfigurationName = Release;
		};
		DEA2060D24475C6000653FB4 /* Build configuration list for PBXNativeTarget "homework 7" */ = {
			isa = XCConfigurationList;
			buildConfigurations = (
				DEA2060E24475C6000653FB4 /* Debug */,
				DEA2060F24475C6000653FB4 /* Release */,
			);
			defaultConfigurationIsVisible = 0;
			defaultConfigurationName = Release;
		};
		DEA2061024475C6000653FB4 /* Build configuration list for PBXNativeTarget "homework 7Tests" */ = {
			isa = XCConfigurationList;
			buildConfigurations = (
				DEA2061124475C6000653FB4 /* Debug */,
				DEA2061224475C6000653FB4 /* Release */,
			);
			defaultConfigurationIsVisible = 0;
			defaultConfigurationName = Release;
		};
		DEA2061324475C6000653FB4 /* Build configuration list for PBXNativeTarget "homework 7UITests" */ = {
			isa = XCConfigurationList;
			buildConfigurations = (
				DEA2061424475C6000653FB4 /* Debug */,
				DEA2061524475C6000653FB4 /* Release */,
			);
			defaultConfigurationIsVisible = 0;
			defaultConfigurationName = Release;
		};
/* End XCConfigurationList section */
	};
	rootObject = DEA205DB24475C5E00653FB4 /* Project object */;
}
